// !$*UTF8*$!
{
	archiveVersion = 1;
	classes = {
	};
	objectVersion = 46;
	objects = {

/* Begin PBXBuildFile section */
		27AC289C1D03401300E392CC /* AppDelegate.swift in Sources */ = {isa = PBXBuildFile; fileRef = 27AC289B1D03401300E392CC /* AppDelegate.swift */; };
		27AC289E1D03401300E392CC /* ViewController.swift in Sources */ = {isa = PBXBuildFile; fileRef = 27AC289D1D03401300E392CC /* ViewController.swift */; };
		27AC28A11D03401300E392CC /* Main.storyboard in Resources */ = {isa = PBXBuildFile; fileRef = 27AC289F1D03401300E392CC /* Main.storyboard */; };
		27AC28A31D03401300E392CC /* Assets.xcassets in Resources */ = {isa = PBXBuildFile; fileRef = 27AC28A21D03401300E392CC /* Assets.xcassets */; };
		27AC28A61D03401300E392CC /* LaunchScreen.storyboard in Resources */ = {isa = PBXBuildFile; fileRef = 27AC28A41D03401300E392CC /* LaunchScreen.storyboard */; };
		27AC28B11D03401300E392CC /* testScrollTests.swift in Sources */ = {isa = PBXBuildFile; fileRef = 27AC28B01D03401300E392CC /* testScrollTests.swift */; };
/* End PBXBuildFile section */

/* Begin PBXContainerItemProxy section */
		27AC28AD1D03401300E392CC /* PBXContainerItemProxy */ = {
			isa = PBXContainerItemProxy;
			containerPortal = 27AC28901D03401200E392CC /* Project object */;
			proxyType = 1;
			remoteGlobalIDString = 27AC28971D03401200E392CC;
			remoteInfo = testScroll;
		};
/* End PBXContainerItemProxy section */

/* Begin PBXFileReference section */
		27AC28981D03401200E392CC /* testScroll.app */ = {isa = PBXFileReference; explicitFileType = wrapper.application; includeInIndex = 0; path = testScroll.app; sourceTree = BUILT_PRODUCTS_DIR; };
		27AC289B1D03401300E392CC /* AppDelegate.swift */ = {isa = PBXFileReference; lastKnownFileType = sourcecode.swift; path = AppDelegate.swift; sourceTree = "<group>"; };
		27AC289D1D03401300E392CC /* ViewController.swift */ = {isa = PBXFileReference; lastKnownFileType = sourcecode.swift; path = ViewController.swift; sourceTree = "<group>"; };
		27AC28A01D03401300E392CC /* Base */ = {isa = PBXFileReference; lastKnownFileType = file.storyboard; name = Base; path = Base.lproj/Main.storyboard; sourceTree = "<group>"; };
		27AC28A21D03401300E392CC /* Assets.xcassets */ = {isa = PBXFileReference; lastKnownFileType = folder.assetcatalog; path = Assets.xcassets; sourceTree = "<group>"; };
		27AC28A51D03401300E392CC /* Base */ = {isa = PBXFileReference; lastKnownFileType = file.storyboard; name = Base; path = Base.lproj/LaunchScreen.storyboard; sourceTree = "<group>"; };
		27AC28A71D03401300E392CC /* Info.plist */ = {isa = PBXFileReference; lastKnownFileType = text.plist.xml; path = Info.plist; sourceTree = "<group>"; };
		27AC28AC1D03401300E392CC /* testScrollTests.xctest */ = {isa = PBXFileReference; explicitFileType = wrapper.cfbundle; includeInIndex = 0; path = testScrollTests.xctest; sourceTree = BUILT_PRODUCTS_DIR; };
		27AC28B01D03401300E392CC /* testScrollTests.swift */ = {isa = PBXFileReference; lastKnownFileType = sourcecode.swift; path = testScrollTests.swift; sourceTree = "<group>"; };
		27AC28B21D03401300E392CC /* Info.plist */ = {isa = PBXFileReference; lastKnownFileType = text.plist.xml; path = Info.plist; sourceTree = "<group>"; };
/* End PBXFileReference section */

/* Begin PBXFrameworksBuildPhase section */
		27AC28951D03401200E392CC /* Frameworks */ = {
			isa = PBXFrameworksBuildPhase;
			buildActionMask = 2147483647;
			files = (
			);
			runOnlyForDeploymentPostprocessing = 0;
		};
		27AC28A91D03401300E392CC /* Frameworks */ = {
			isa = PBXFrameworksBuildPhase;
			buildActionMask = 2147483647;
			files = (
			);
			runOnlyForDeploymentPostprocessing = 0;
		};
/* End PBXFrameworksBuildPhase section */

/* Begin PBXGroup section */
		27AC288F1D03401200E392CC = {
			isa = PBXGroup;
			children = (
				27AC289A1D03401300E392CC /* testScroll */,
				27AC28AF1D03401300E392CC /* testScrollTests */,
				27AC28991D03401200E392CC /* Products */,
			);
			sourceTree = "<group>";
		};
		27AC28991D03401200E392CC /* Products */ = {
			isa = PBXGroup;
			children = (
				27AC28981D03401200E392CC /* testScroll.app */,
				27AC28AC1D03401300E392CC /* testScrollTests.xctest */,
			);
			name = Products;
			sourceTree = "<group>";
		};
		27AC289A1D03401300E392CC /* testScroll */ = {
			isa = PBXGroup;
			children = (
				27AC289B1D03401300E392CC /* AppDelegate.swift */,
				27AC289D1D03401300E392CC /* ViewController.swift */,
				27AC289F1D03401300E392CC /* Main.storyboard */,
				27AC28A21D03401300E392CC /* Assets.xcassets */,
				27AC28A41D03401300E392CC /* LaunchScreen.storyboard */,
				27AC28A71D03401300E392CC /* Info.plist */,
			);
			path = testScroll;
			sourceTree = "<group>";
		};
		27AC28AF1D03401300E392CC /* testScrollTests */ = {
			isa = PBXGroup;
			children = (
				27AC28B01D03401300E392CC /* testScrollTests.swift */,
				27AC28B21D03401300E392CC /* Info.plist */,
			);
			path = testScrollTests;
			sourceTree = "<group>";
		};
/* End PBXGroup section */

/* Begin PBXNativeTarget section */
		27AC28971D03401200E392CC /* testScroll */ = {
			isa = PBXNativeTarget;
			buildConfigurationList = 27AC28B51D03401300E392CC /* Build configuration list for PBXNativeTarget "testScroll" */;
			buildPhases = (
				27AC28941D03401200E392CC /* Sources */,
				27AC28951D03401200E392CC /* Frameworks */,
				27AC28961D03401200E392CC /* Resources */,
			);
			buildRules = (
			);
			dependencies = (
			);
			name = testScroll;
			productName = testScroll;
			productReference = 27AC28981D03401200E392CC /* testScroll.app */;
			productType = "com.apple.product-type.application";
		};
		27AC28AB1D03401300E392CC /* testScrollTests */ = {
			isa = PBXNativeTarget;
			buildConfigurationList = 27AC28B81D03401300E392CC /* Build configuration list for PBXNativeTarget "testScrollTests" */;
			buildPhases = (
				27AC28A81D03401300E392CC /* Sources */,
				27AC28A91D03401300E392CC /* Frameworks */,
				27AC28AA1D03401300E392CC /* Resources */,
			);
			buildRules = (
			);
			dependencies = (
				27AC28AE1D03401300E392CC /* PBXTargetDependency */,
			);
			name = testScrollTests;
			productName = testScrollTests;
			productReference = 27AC28AC1D03401300E392CC /* testScrollTests.xctest */;
			productType = "com.apple.product-type.bundle.unit-test";
		};
/* End PBXNativeTarget section */

/* Begin PBXProject section */
		27AC28901D03401200E392CC /* Project object */ = {
			isa = PBXProject;
			attributes = {
				LastSwiftUpdateCheck = 0730;
				LastUpgradeCheck = 0730;
				ORGANIZATIONNAME = KirklandCreative;
				TargetAttributes = {
					27AC28971D03401200E392CC = {
						CreatedOnToolsVersion = 7.3;
					};
					27AC28AB1D03401300E392CC = {
						CreatedOnToolsVersion = 7.3;
						TestTargetID = 27AC28971D03401200E392CC;
					};
				};
			};
			buildConfigurationList = 27AC28931D03401200E392CC /* Build configuration list for PBXProject "testScroll" */;
			compatibilityVersion = "Xcode 3.2";
			developmentRegion = English;
			hasScannedForEncodings = 0;
			knownRegions = (
				en,
				Base,
			);
			mainGroup = 27AC288F1D03401200E392CC;
			productRefGroup = 27AC28991D03401200E392CC /* Products */;
			projectDirPath = "";
			projectRoot = "";
			targets = (
				27AC28971D03401200E392CC /* testScroll */,
				27AC28AB1D03401300E392CC /* testScrollTests */,
			);
		};
/* End PBXProject section */

/* Begin PBXResourcesBuildPhase section */
		27AC28961D03401200E392CC /* Resources */ = {
			isa = PBXResourcesBuildPhase;
			buildActionMask = 2147483647;
			files = (
				27AC28A61D03401300E392CC /* LaunchScreen.storyboard in Resources */,
				27AC28A31D03401300E392CC /* Assets.xcassets in Resources */,
				27AC28A11D03401300E392CC /* Main.storyboard in Resources */,
			);
			runOnlyForDeploymentPostprocessing = 0;
		};
		27AC28AA1D03401300E392CC /* Resources */ = {
			isa = PBXResourcesBuildPhase;
			buildActionMask = 2147483647;
			files = (
			);
			runOnlyForDeploymentPostprocessing = 0;
		};
/* End PBXResourcesBuildPhase section */

/* Begin PBXSourcesBuildPhase section */
		27AC28941D03401200E392CC /* Sources */ = {
			isa = PBXSourcesBuildPhase;
			buildActionMask = 2147483647;
			files = (
				27AC289E1D03401300E392CC /* ViewController.swift in Sources */,
				27AC289C1D03401300E392CC /* AppDelegate.swift in Sources */,
			);
			runOnlyForDeploymentPostprocessing = 0;
		};
		27AC28A81D03401300E392CC /* Sources */ = {
			isa = PBXSourcesBuildPhase;
			buildActionMask = 2147483647;
			files = (
				27AC28B11D03401300E392CC /* testScrollTests.swift in Sources */,
			);
			runOnlyForDeploymentPostprocessing = 0;
		};
/* End PBXSourcesBuildPhase section */

/* Begin PBXTargetDependency section */
		27AC28AE1D03401300E392CC /* PBXTargetDependency */ = {
			isa = PBXTargetDependency;
			target = 27AC28971D03401200E392CC /* testScroll */;
			targetProxy = 27AC28AD1D03401300E392CC /* PBXContainerItemProxy */;
		};
/* End PBXTargetDependency section */

/* Begin PBXVariantGroup section */
		27AC289F1D03401300E392CC /* Main.storyboard */ = {
			isa = PBXVariantGroup;
			children = (
				27AC28A01D03401300E392CC /* Base */,
			);
			name = Main.storyboard;
			sourceTree = "<group>";
		};
		27AC28A41D03401300E392CC /* LaunchScreen.storyboard */ = {
			isa = PBXVariantGroup;
			children = (
				27AC28A51D03401300E392CC /* Base */,
			);
			name = LaunchScreen.storyboard;
			sourceTree = "<group>";
		};
/* End PBXVariantGroup section */

/* Begin XCBuildConfiguration section */
		27AC28B31D03401300E392CC /* Debug */ = {
			isa = XCBuildConfiguration;
			buildSettings = {
				ALWAYS_SEARCH_USER_PATHS = NO;
				CLANG_ANALYZER_NONNULL = YES;
				CLANG_CXX_LANGUAGE_STANDARD = "gnu++0x";
				CLANG_CXX_LIBRARY = "libc++";
				CLANG_ENABLE_MODULES = YES;
				CLANG_ENABLE_OBJC_ARC = YES;
				CLANG_WARN_BOOL_CONVERSION = YES;
				CLANG_WARN_CONSTANT_CONVERSION = YES;
				CLANG_WARN_DIRECT_OBJC_ISA_USAGE = YES_ERROR;
				CLANG_WARN_EMPTY_BODY = YES;
				CLANG_WARN_ENUM_CONVERSION = YES;
				CLANG_WARN_INT_CONVERSION = YES;
				CLANG_WARN_OBJC_ROOT_CLASS = YES_ERROR;
				CLANG_WARN_UNREACHABLE_CODE = YES;
				CLANG_WARN__DUPLICATE_METHOD_MATCH = YES;
				"CODE_SIGN_IDENTITY[sdk=iphoneos*]" = "iPhone Developer";
				COPY_PHASE_STRIP = NO;
				DEBUG_INFORMATION_FORMAT = dwarf;
				ENABLE_STRICT_OBJC_MSGSEND = YES;
				ENABLE_TESTABILITY = YES;
				GCC_C_LANGUAGE_STANDARD = gnu99;
				GCC_DYNAMIC_NO_PIC = NO;
				GCC_NO_COMMON_BLOCKS = YES;
				GCC_OPTIMIZATION_LEVEL = 0;
				GCC_PREPROCESSOR_DEFINITIONS = (
					"DEBUG=1",
					"$(inherited)",
				);
				GCC_WARN_64_TO_32_BIT_CONVERSION = YES;
				GCC_WARN_ABOUT_RETURN_TYPE = YES_ERROR;
				GCC_WARN_UNDECLARED_SELECTOR = YES;
				GCC_WARN_UNINITIALIZED_AUTOS = YES_AGGRESSIVE;
				GCC_WARN_UNUSED_FUNCTION = YES;
				GCC_WARN_UNUSED_VARIABLE = YES;
				IPHONEOS_DEPLOYMENT_TARGET = 9.3;
				MTL_ENABLE_DEBUG_INFO = YES;
				ONLY_ACTIVE_ARCH = YES;
				SDKROOT = iphoneos;
				SWIFT_OPTIMIZATION_LEVEL = "-Onone";
			};
			name = Debug;
		};
		27AC28B41D03401300E392CC /* Release */ = {
			isa = XCBuildConfiguration;
			buildSettings = {
				ALWAYS_SEARCH_USER_PATHS = NO;
				CLANG_ANALYZER_NONNULL = YES;
				CLANG_CXX_LANGUAGE_STANDARD = "gnu++0x";
				CLANG_CXX_LIBRARY = "libc++";
				CLANG_ENABLE_MODULES = YES;
				CLANG_ENABLE_OBJC_ARC = YES;
				CLANG_WARN_BOOL_CONVERSION = YES;
				CLANG_WARN_CONSTANT_CONVERSION = YES;
				CLANG_WARN_DIRECT_OBJC_ISA_USAGE = YES_ERROR;
				CLANG_WARN_EMPTY_BODY = YES;
				CLANG_WARN_ENUM_CONVERSION = YES;
				CLANG_WARN_INT_CONVERSION = YES;
				CLANG_WARN_OBJC_ROOT_CLASS = YES_ERROR;
				CLANG_WARN_UNREACHABLE_CODE = YES;
				CLANG_WARN__DUPLICATE_METHOD_MATCH = YES;
				"CODE_SIGN_IDENTITY[sdk=iphoneos*]" = "iPhone Developer";
				COPY_PHASE_STRIP = NO;
				DEBUG_INFORMATION_FORMAT = "dwarf-with-dsym";
				ENABLE_NS_ASSERTIONS = NO;
				ENABLE_STRICT_OBJC_MSGSEND = YES;
				GCC_C_LANGUAGE_STANDARD = gnu99;
				GCC_NO_COMMON_BLOCKS = YES;
				GCC_WARN_64_TO_32_BIT_CONVERSION = YES;
				GCC_WARN_ABOUT_RETURN_TYPE = YES_ERROR;
				GCC_WARN_UNDECLARED_SELECTOR = YES;
				GCC_WARN_UNINITIALIZED_AUTOS = YES_AGGRESSIVE;
				GCC_WARN_UNUSED_FUNCTION = YES;
				GCC_WARN_UNUSED_VARIABLE = YES;
				IPHONEOS_DEPLOYMENT_TARGET = 9.3;
				MTL_ENABLE_DEBUG_INFO = NO;
				SDKROOT = iphoneos;
				VALIDATE_PRODUCT = YES;
			};
			name = Release;
		};
		27AC28B61D03401300E392CC /* Debug */ = {
			isa = XCBuildConfiguration;
			buildSettings = {
				ASSETCATALOG_COMPILER_APPICON_NAME = AppIcon;
				INFOPLIST_FILE = testScroll/Info.plist;
				LD_RUNPATH_SEARCH_PATHS = "$(inherited) @executable_path/Frameworks";
				PRODUCT_BUNDLE_IDENTIFIER = com.Kirkland.testScroll;
				PRODUCT_NAME = "$(TARGET_NAME)";
			};
			name = Debug;
		};
		27AC28B71D03401300E392CC /* Release */ = {
			isa = XCBuildConfiguration;
			buildSettings = {
				ASSETCATALOG_COMPILER_APPICON_NAME = AppIcon;
				INFOPLIST_FILE = testScroll/Info.plist;
				LD_RUNPATH_SEARCH_PATHS = "$(inherited) @executable_path/Frameworks";
				PRODUCT_BUNDLE_IDENTIFIER = com.Kirkland.testScroll;
				PRODUCT_NAME = "$(TARGET_NAME)";
			};
			name = Release;
		};
		27AC28B91D03401300E392CC /* Debug */ = {
			isa = XCBuildConfiguration;
			buildSettings = {
				BUNDLE_LOADER = "$(TEST_HOST)";
				INFOPLIST_FILE = testScrollTests/Info.plist;
				LD_RUNPATH_SEARCH_PATHS = "$(inherited) @executable_path/Frameworks @loader_path/Frameworks";
				PRODUCT_BUNDLE_IDENTIFIER = com.Kirkland.testScrollTests;
				PRODUCT_NAME = "$(TARGET_NAME)";
				TEST_HOST = "$(BUILT_PRODUCTS_DIR)/testScroll.app/testScroll";
			};
			name = Debug;
		};
		27AC28BA1D03401300E392CC /* Release */ = {
			isa = XCBuildConfiguration;
			buildSettings = {
				BUNDLE_LOADER = "$(TEST_HOST)";
				INFOPLIST_FILE = testScrollTests/Info.plist;
				LD_RUNPATH_SEARCH_PATHS = "$(inherited) @executable_path/Frameworks @loader_path/Frameworks";
				PRODUCT_BUNDLE_IDENTIFIER = com.Kirkland.testScrollTests;
				PRODUCT_NAME = "$(TARGET_NAME)";
				TEST_HOST = "$(BUILT_PRODUCTS_DIR)/testScroll.app/testScroll";
			};
			name = Release;
		};
/* End XCBuildConfiguration section */

/* Begin XCConfigurationList section */
		27AC28931D03401200E392CC /* Build configuration list for PBXProject "testScroll" */ = {
			isa = XCConfigurationList;
			buildConfigurations = (
				27AC28B31D03401300E392CC /* Debug */,
				27AC28B41D03401300E392CC /* Release */,
			);
			defaultConfigurationIsVisible = 0;
			defaultConfigurationName = Release;
		};
		27AC28B51D03401300E392CC /* Build configuration list for PBXNativeTarget "testScroll" */ = {
			isa = XCConfigurationList;
			buildConfigurations = (
				27AC28B61D03401300E392CC /* Debug */,
				27AC28B71D03401300E392CC /* Release */,
			);
			defaultConfigurationIsVisible = 0;
		};
		27AC28B81D03401300E392CC /* Build configuration list for PBXNativeTarget "testScrollTests" */ = {
			isa = XCConfigurationList;
			buildConfigurations = (
				27AC28B91D03401300E392CC /* Debug */,
				27AC28BA1D03401300E392CC /* Release */,
			);
			defaultConfigurationIsVisible = 0;
		};
/* End XCConfigurationList section */
	};
	rootObject = 27AC28901D03401200E392CC /* Project object */;
}
